
Microsoft Visual Studio Solution File, Format Version 12.00
Project("{FAE04EC0-301F-11D3-BF4B-00C04F79EFBC}") = "RoomLocator.Api", "RoomLocator.Api\RoomLocator.Api.csproj", "{7B0D9466-D9DF-4DC0-9763-84064A7ED3C2}"
EndProject
Project("{FAE04EC0-301F-11D3-BF4B-00C04F79EFBC}") = "RoomLocator.Data", "RoomLocator.Data\RoomLocator.Data.csproj", "{D487F819-D6F8-431C-9DEB-932B834A0E46}"
EndProject
Project("{FAE04EC0-301F-11D3-BF4B-00C04F79EFBC}") = "RoomLocator.Domain", "RoomLocator.Domain\RoomLocator.Domain.csproj", "{9911D939-B33B-4BAA-88AD-056AAF33D800}"
EndProject
Project("{FAE04EC0-301F-11D3-BF4B-00C04F79EFBC}") = "Shared", "Shared\Shared.csproj", "{61E53DCA-7B66-4919-A2DB-F5C735906520}"
EndProject
Project("{FAE04EC0-301F-11D3-BF4B-00C04F79EFBC}") = "RoomLocator.UnitTest", "RoomLocator.UnitTest\RoomLocator.UnitTest.csproj", "{026B260D-6F31-4153-8202-90BF3ACAA14A}"
EndProject
Global
	GlobalSection(SolutionConfigurationPlatforms) = preSolution
		Debug|Any CPU = Debug|Any CPU
		Release|Any CPU = Release|Any CPU
	EndGlobalSection
	GlobalSection(ProjectConfigurationPlatforms) = postSolution
		{7B0D9466-D9DF-4DC0-9763-84064A7ED3C2}.Debug|Any CPU.ActiveCfg = Debug|Any CPU
		{7B0D9466-D9DF-4DC0-9763-84064A7ED3C2}.Debug|Any CPU.Build.0 = Debug|Any CPU
		{7B0D9466-D9DF-4DC0-9763-84064A7ED3C2}.Release|Any CPU.ActiveCfg = Release|Any CPU
		{7B0D9466-D9DF-4DC0-9763-84064A7ED3C2}.Release|Any CPU.Build.0 = Release|Any CPU
		{D487F819-D6F8-431C-9DEB-932B834A0E46}.Debug|Any CPU.ActiveCfg = Debug|Any CPU
		{D487F819-D6F8-431C-9DEB-932B834A0E46}.Debug|Any CPU.Build.0 = Debug|Any CPU
		{D487F819-D6F8-431C-9DEB-932B834A0E46}.Release|Any CPU.ActiveCfg = Release|Any CPU
		{D487F819-D6F8-431C-9DEB-932B834A0E46}.Release|Any CPU.Build.0 = Release|Any CPU
		{9911D939-B33B-4BAA-88AD-056AAF33D800}.Debug|Any CPU.ActiveCfg = Debug|Any CPU
		{9911D939-B33B-4BAA-88AD-056AAF33D800}.Debug|Any CPU.Build.0 = Debug|Any CPU
		{9911D939-B33B-4BAA-88AD-056AAF33D800}.Release|Any CPU.ActiveCfg = Release|Any CPU
		{9911D939-B33B-4BAA-88AD-056AAF33D800}.Release|Any CPU.Build.0 = Release|Any CPU
		{61E53DCA-7B66-4919-A2DB-F5C735906520}.Debug|Any CPU.ActiveCfg = Debug|Any CPU
		{61E53DCA-7B66-4919-A2DB-F5C735906520}.Debug|Any CPU.Build.0 = Debug|Any CPU
		{61E53DCA-7B66-4919-A2DB-F5C735906520}.Release|Any CPU.ActiveCfg = Release|Any CPU
		{61E53DCA-7B66-4919-A2DB-F5C735906520}.Release|Any CPU.Build.0 = Release|Any CPU
		{026B260D-6F31-4153-8202-90BF3ACAA14A}.Debug|Any CPU.ActiveCfg = Debug|Any CPU
		{026B260D-6F31-4153-8202-90BF3ACAA14A}.Debug|Any CPU.Build.0 = Debug|Any CPU
		{026B260D-6F31-4153-8202-90BF3ACAA14A}.Release|Any CPU.ActiveCfg = Release|Any CPU
		{026B260D-6F31-4153-8202-90BF3ACAA14A}.Release|Any CPU.Build.0 = Release|Any CPU
	EndGlobalSection
EndGlobal
